
Microsoft Visual Studio Solution File, Format Version 12.00
# Visual Studio Version 16
VisualStudioVersion = 16.0.31129.286
MinimumVisualStudioVersion = 10.0.40219.1
Project("{FAE04EC0-301F-11D3-BF4B-00C04F79EFBC}") = "TesteMVC5", "TesteMVC5.csproj", "{C135DF4E-3138-4DEC-8A55-DDA228018FDF}"
EndProject
Global
	GlobalSection(SolutionConfigurationPlatforms) = preSolution
		Debug|Any CPU = Debug|Any CPU
		Release|Any CPU = Release|Any CPU
	EndGlobalSection
	GlobalSection(ProjectConfigurationPlatforms) = postSolution
		{C135DF4E-3138-4DEC-8A55-DDA228018FDF}.Debug|Any CPU.ActiveCfg = Debug|Any CPU
		{C135DF4E-3138-4DEC-8A55-DDA228018FDF}.Debug|Any CPU.Build.0 = Debug|Any CPU
		{C135DF4E-3138-4DEC-8A55-DDA228018FDF}.Release|Any CPU.ActiveCfg = Release|Any CPU
		{C135DF4E-3138-4DEC-8A55-DDA228018FDF}.Release|Any CPU.Build.0 = Release|Any CPU
	EndGlobalSection
	GlobalSection(SolutionProperties) = preSolution
		HideSolutionNode = FALSE
	EndGlobalSection
	GlobalSection(ExtensibilityGlobals) = postSolution
		SolutionGuid = {DBD579EA-E32E-4388-B75B-A26A43A7F4B1}
	EndGlobalSection
EndGlobal
