
Microsoft Visual Studio Solution File, Format Version 12.00
# Visual Studio Version 16
VisualStudioVersion = 16.0.31205.134
MinimumVisualStudioVersion = 10.0.40219.1
Project("{FAE04EC0-301F-11D3-BF4B-00C04F79EFBC}") = "DevIO.UI.Site", "src\DevIO.UI.Site\DevIO.UI.Site.csproj", "{CA3C14FA-5BA4-4A0E-94A1-C6097EB7E3DB}"
EndProject
Global
	GlobalSection(SolutionConfigurationPlatforms) = preSolution
		Debug|Any CPU = Debug|Any CPU
		Release|Any CPU = Release|Any CPU
	EndGlobalSection
	GlobalSection(ProjectConfigurationPlatforms) = postSolution
		{CA3C14FA-5BA4-4A0E-94A1-C6097EB7E3DB}.Debug|Any CPU.ActiveCfg = Debug|Any CPU
		{CA3C14FA-5BA4-4A0E-94A1-C6097EB7E3DB}.Debug|Any CPU.Build.0 = Debug|Any CPU
		{CA3C14FA-5BA4-4A0E-94A1-C6097EB7E3DB}.Release|Any CPU.ActiveCfg = Release|Any CPU
		{CA3C14FA-5BA4-4A0E-94A1-C6097EB7E3DB}.Release|Any CPU.Build.0 = Release|Any CPU
	EndGlobalSection
	GlobalSection(SolutionProperties) = preSolution
		HideSolutionNode = FALSE
	EndGlobalSection
	GlobalSection(ExtensibilityGlobals) = postSolution
		SolutionGuid = {F8080AE2-3F5B-4CA4-9AB3-61F94529CB0D}
	EndGlobalSection
EndGlobal
