
Microsoft Visual Studio Solution File, Format Version 12.00
# Visual Studio Version 16
VisualStudioVersion = 16.0.31205.134
MinimumVisualStudioVersion = 10.0.40219.1
Project("{FAE04EC0-301F-11D3-BF4B-00C04F79EFBC}") = "MinhaDemoMVC_2", "MinhaDemoMVC_2.csproj", "{A5441DB0-65B4-4E15-845C-0826E513F14E}"
EndProject
Global
	GlobalSection(SolutionConfigurationPlatforms) = preSolution
		Debug|Any CPU = Debug|Any CPU
		Release|Any CPU = Release|Any CPU
	EndGlobalSection
	GlobalSection(ProjectConfigurationPlatforms) = postSolution
		{A5441DB0-65B4-4E15-845C-0826E513F14E}.Debug|Any CPU.ActiveCfg = Debug|Any CPU
		{A5441DB0-65B4-4E15-845C-0826E513F14E}.Debug|Any CPU.Build.0 = Debug|Any CPU
		{A5441DB0-65B4-4E15-845C-0826E513F14E}.Release|Any CPU.ActiveCfg = Release|Any CPU
		{A5441DB0-65B4-4E15-845C-0826E513F14E}.Release|Any CPU.Build.0 = Release|Any CPU
	EndGlobalSection
	GlobalSection(SolutionProperties) = preSolution
		HideSolutionNode = FALSE
	EndGlobalSection
	GlobalSection(ExtensibilityGlobals) = postSolution
		SolutionGuid = {2F7F94B1-C03A-45D2-A3AB-09E6C4C2731F}
	EndGlobalSection
EndGlobal
