
Microsoft Visual Studio Solution File, Format Version 12.00
# Visual Studio Version 16
VisualStudioVersion = 16.0.31205.134
MinimumVisualStudioVersion = 10.0.40219.1
Project("{FAE04EC0-301F-11D3-BF4B-00C04F79EFBC}") = "DevIO.AppMVC", "src\DevIO.AppMVC\DevIO.AppMVC.csproj", "{3D553490-69F7-4C2A-93E7-1B5BE9CB4883}"
EndProject
Project("{FAE04EC0-301F-11D3-BF4B-00C04F79EFBC}") = "DevIO.Business", "src\DevIO.Business\DevIO.Business.csproj", "{5DB05B25-E15D-408D-89FC-8AEBA1480F31}"
EndProject
Project("{FAE04EC0-301F-11D3-BF4B-00C04F79EFBC}") = "DevIO.Infra", "src\DevIO.Infra\DevIO.Infra.csproj", "{0FDFED68-893A-4171-85E6-925F9147C9A2}"
EndProject
Project("{2150E333-8FDC-42A3-9474-1A3956D46DE8}") = "Solution Items", "Solution Items", "{9E43F623-51F1-4182-AF7F-1EE1354B4164}"
	ProjectSection(SolutionItems) = preProject
		Leiame.txt = Leiame.txt
	EndProjectSection
EndProject
Global
	GlobalSection(SolutionConfigurationPlatforms) = preSolution
		Debug|Any CPU = Debug|Any CPU
		Release|Any CPU = Release|Any CPU
	EndGlobalSection
	GlobalSection(ProjectConfigurationPlatforms) = postSolution
		{3D553490-69F7-4C2A-93E7-1B5BE9CB4883}.Debug|Any CPU.ActiveCfg = Debug|Any CPU
		{3D553490-69F7-4C2A-93E7-1B5BE9CB4883}.Debug|Any CPU.Build.0 = Debug|Any CPU
		{3D553490-69F7-4C2A-93E7-1B5BE9CB4883}.Release|Any CPU.ActiveCfg = Release|Any CPU
		{3D553490-69F7-4C2A-93E7-1B5BE9CB4883}.Release|Any CPU.Build.0 = Release|Any CPU
		{5DB05B25-E15D-408D-89FC-8AEBA1480F31}.Debug|Any CPU.ActiveCfg = Debug|Any CPU
		{5DB05B25-E15D-408D-89FC-8AEBA1480F31}.Debug|Any CPU.Build.0 = Debug|Any CPU
		{5DB05B25-E15D-408D-89FC-8AEBA1480F31}.Release|Any CPU.ActiveCfg = Release|Any CPU
		{5DB05B25-E15D-408D-89FC-8AEBA1480F31}.Release|Any CPU.Build.0 = Release|Any CPU
		{0FDFED68-893A-4171-85E6-925F9147C9A2}.Debug|Any CPU.ActiveCfg = Debug|Any CPU
		{0FDFED68-893A-4171-85E6-925F9147C9A2}.Debug|Any CPU.Build.0 = Debug|Any CPU
		{0FDFED68-893A-4171-85E6-925F9147C9A2}.Release|Any CPU.ActiveCfg = Release|Any CPU
		{0FDFED68-893A-4171-85E6-925F9147C9A2}.Release|Any CPU.Build.0 = Release|Any CPU
	EndGlobalSection
	GlobalSection(SolutionProperties) = preSolution
		HideSolutionNode = FALSE
	EndGlobalSection
	GlobalSection(ExtensibilityGlobals) = postSolution
		SolutionGuid = {F3E028BD-3B90-418C-9077-DEFB6309076D}
	EndGlobalSection
EndGlobal
