
Microsoft Visual Studio Solution File, Format Version 12.00
# Visual Studio Version 16
VisualStudioVersion = 16.0.31313.79
MinimumVisualStudioVersion = 10.0.40219.1
Project("{FAE04EC0-301F-11D3-BF4B-00C04F79EFBC}") = "MinhaAPICore", "MinhaAPICore\MinhaAPICore.csproj", "{74E0C0A4-5AF7-4167-B56D-F34A46BB22ED}"
EndProject
Global
	GlobalSection(SolutionConfigurationPlatforms) = preSolution
		Debug|Any CPU = Debug|Any CPU
		Release|Any CPU = Release|Any CPU
	EndGlobalSection
	GlobalSection(ProjectConfigurationPlatforms) = postSolution
		{74E0C0A4-5AF7-4167-B56D-F34A46BB22ED}.Debug|Any CPU.ActiveCfg = Debug|Any CPU
		{74E0C0A4-5AF7-4167-B56D-F34A46BB22ED}.Debug|Any CPU.Build.0 = Debug|Any CPU
		{74E0C0A4-5AF7-4167-B56D-F34A46BB22ED}.Release|Any CPU.ActiveCfg = Release|Any CPU
		{74E0C0A4-5AF7-4167-B56D-F34A46BB22ED}.Release|Any CPU.Build.0 = Release|Any CPU
	EndGlobalSection
	GlobalSection(SolutionProperties) = preSolution
		HideSolutionNode = FALSE
	EndGlobalSection
	GlobalSection(ExtensibilityGlobals) = postSolution
		SolutionGuid = {7179E80E-032E-4C4B-B7B4-7B28ABCF677F}
	EndGlobalSection
EndGlobal
