
Microsoft Visual Studio Solution File, Format Version 12.00
# Visual Studio Version 16
VisualStudioVersion = 16.0.31129.286
MinimumVisualStudioVersion = 10.0.40219.1
Project("{FAE04EC0-301F-11D3-BF4B-00C04F79EFBC}") = "TesteMVC5", "TesteMVC5.csproj", "{4BD1F907-DB9B-4EAB-BCCE-669A9D54647A}"
EndProject
Global
	GlobalSection(SolutionConfigurationPlatforms) = preSolution
		Debug|Any CPU = Debug|Any CPU
		Release|Any CPU = Release|Any CPU
	EndGlobalSection
	GlobalSection(ProjectConfigurationPlatforms) = postSolution
		{4BD1F907-DB9B-4EAB-BCCE-669A9D54647A}.Debug|Any CPU.ActiveCfg = Debug|Any CPU
		{4BD1F907-DB9B-4EAB-BCCE-669A9D54647A}.Debug|Any CPU.Build.0 = Debug|Any CPU
		{4BD1F907-DB9B-4EAB-BCCE-669A9D54647A}.Release|Any CPU.ActiveCfg = Release|Any CPU
		{4BD1F907-DB9B-4EAB-BCCE-669A9D54647A}.Release|Any CPU.Build.0 = Release|Any CPU
	EndGlobalSection
	GlobalSection(SolutionProperties) = preSolution
		HideSolutionNode = FALSE
	EndGlobalSection
	GlobalSection(ExtensibilityGlobals) = postSolution
		SolutionGuid = {3897304C-7E19-4088-8D09-F3BF064AF5DE}
	EndGlobalSection
EndGlobal
